// !$*UTF8*$!
{
	archiveVersion = 1;
	classes = {
	};
	objectVersion = 46;
	objects = {

/* Begin PBXBuildFile section */
		2B25BE501F68D21400C2E4F6 /* APIService.swift in Sources */ = {isa = PBXBuildFile; fileRef = 2B25BE4F1F68D21400C2E4F6 /* APIService.swift */; };
		2B25BE521F68D36C00C2E4F6 /* Talk.swift in Sources */ = {isa = PBXBuildFile; fileRef = 2B25BE511F68D36C00C2E4F6 /* Talk.swift */; };
		2B25BE541F68D78900C2E4F6 /* TalksViewController.swift in Sources */ = {isa = PBXBuildFile; fileRef = 2B25BE531F68D78900C2E4F6 /* TalksViewController.swift */; };
		2B25BE571F68DC3A00C2E4F6 /* TalkCell.swift in Sources */ = {isa = PBXBuildFile; fileRef = 2B25BE551F68DC3A00C2E4F6 /* TalkCell.swift */; };
		2B25BE581F68DC3A00C2E4F6 /* TalkCell.xib in Resources */ = {isa = PBXBuildFile; fileRef = 2B25BE561F68DC3A00C2E4F6 /* TalkCell.xib */; };
		2B25BE5C1F68E31000C2E4F6 /* UIColorExtensions.swift in Sources */ = {isa = PBXBuildFile; fileRef = 2B25BE5B1F68E31000C2E4F6 /* UIColorExtensions.swift */; };
		2B25BE5E1F68E58D00C2E4F6 /* Protocols.swift in Sources */ = {isa = PBXBuildFile; fileRef = 2B25BE5D1F68E58D00C2E4F6 /* Protocols.swift */; };
		2BBD856F1F65D19C005B315D /* AppDelegate.swift in Sources */ = {isa = PBXBuildFile; fileRef = 2BBD856E1F65D19C005B315D /* AppDelegate.swift */; };
		2BBD85711F65D19C005B315D /* LoginViewController.swift in Sources */ = {isa = PBXBuildFile; fileRef = 2BBD85701F65D19C005B315D /* LoginViewController.swift */; };
		2BBD85741F65D19C005B315D /* Main.storyboard in Resources */ = {isa = PBXBuildFile; fileRef = 2BBD85721F65D19C005B315D /* Main.storyboard */; };
		2BBD85761F65D19C005B315D /* Assets.xcassets in Resources */ = {isa = PBXBuildFile; fileRef = 2BBD85751F65D19C005B315D /* Assets.xcassets */; };
		2BBD85791F65D19C005B315D /* LaunchScreen.storyboard in Resources */ = {isa = PBXBuildFile; fileRef = 2BBD85771F65D19C005B315D /* LaunchScreen.storyboard */; };
		2BBD85841F65D19C005B315D /* popTests.swift in Sources */ = {isa = PBXBuildFile; fileRef = 2BBD85831F65D19C005B315D /* popTests.swift */; };
/* End PBXBuildFile section */

/* Begin PBXContainerItemProxy section */
		2BBD85801F65D19C005B315D /* PBXContainerItemProxy */ = {
			isa = PBXContainerItemProxy;
			containerPortal = 2BBD85631F65D19C005B315D /* Project object */;
			proxyType = 1;
			remoteGlobalIDString = 2BBD856A1F65D19C005B315D;
			remoteInfo = pop;
		};
/* End PBXContainerItemProxy section */

/* Begin PBXFileReference section */
		2B25BE4F1F68D21400C2E4F6 /* APIService.swift */ = {isa = PBXFileReference; fileEncoding = 4; lastKnownFileType = sourcecode.swift; path = APIService.swift; sourceTree = "<group>"; };
		2B25BE511F68D36C00C2E4F6 /* Talk.swift */ = {isa = PBXFileReference; fileEncoding = 4; lastKnownFileType = sourcecode.swift; path = Talk.swift; sourceTree = "<group>"; };
		2B25BE531F68D78900C2E4F6 /* TalksViewController.swift */ = {isa = PBXFileReference; fileEncoding = 4; lastKnownFileType = sourcecode.swift; path = TalksViewController.swift; sourceTree = "<group>"; };
		2B25BE551F68DC3A00C2E4F6 /* TalkCell.swift */ = {isa = PBXFileReference; fileEncoding = 4; lastKnownFileType = sourcecode.swift; path = TalkCell.swift; sourceTree = "<group>"; };
		2B25BE561F68DC3A00C2E4F6 /* TalkCell.xib */ = {isa = PBXFileReference; fileEncoding = 4; lastKnownFileType = file.xib; path = TalkCell.xib; sourceTree = "<group>"; };
		2B25BE5B1F68E31000C2E4F6 /* UIColorExtensions.swift */ = {isa = PBXFileReference; fileEncoding = 4; lastKnownFileType = sourcecode.swift; path = UIColorExtensions.swift; sourceTree = "<group>"; };
		2B25BE5D1F68E58D00C2E4F6 /* Protocols.swift */ = {isa = PBXFileReference; fileEncoding = 4; lastKnownFileType = sourcecode.swift; path = Protocols.swift; sourceTree = "<group>"; };
		2BBD856B1F65D19C005B315D /* pop.app */ = {isa = PBXFileReference; explicitFileType = wrapper.application; includeInIndex = 0; path = pop.app; sourceTree = BUILT_PRODUCTS_DIR; };
		2BBD856E1F65D19C005B315D /* AppDelegate.swift */ = {isa = PBXFileReference; lastKnownFileType = sourcecode.swift; path = AppDelegate.swift; sourceTree = "<group>"; };
		2BBD85701F65D19C005B315D /* LoginViewController.swift */ = {isa = PBXFileReference; lastKnownFileType = sourcecode.swift; path = LoginViewController.swift; sourceTree = "<group>"; };
		2BBD85731F65D19C005B315D /* Base */ = {isa = PBXFileReference; lastKnownFileType = file.storyboard; name = Base; path = Base.lproj/Main.storyboard; sourceTree = "<group>"; };
		2BBD85751F65D19C005B315D /* Assets.xcassets */ = {isa = PBXFileReference; lastKnownFileType = folder.assetcatalog; path = Assets.xcassets; sourceTree = "<group>"; };
		2BBD85781F65D19C005B315D /* Base */ = {isa = PBXFileReference; lastKnownFileType = file.storyboard; name = Base; path = Base.lproj/LaunchScreen.storyboard; sourceTree = "<group>"; };
		2BBD857A1F65D19C005B315D /* Info.plist */ = {isa = PBXFileReference; lastKnownFileType = text.plist.xml; path = Info.plist; sourceTree = "<group>"; };
		2BBD857F1F65D19C005B315D /* popTests.xctest */ = {isa = PBXFileReference; explicitFileType = wrapper.cfbundle; includeInIndex = 0; path = popTests.xctest; sourceTree = BUILT_PRODUCTS_DIR; };
		2BBD85831F65D19C005B315D /* popTests.swift */ = {isa = PBXFileReference; lastKnownFileType = sourcecode.swift; path = popTests.swift; sourceTree = "<group>"; };
		2BBD85851F65D19C005B315D /* Info.plist */ = {isa = PBXFileReference; lastKnownFileType = text.plist.xml; path = Info.plist; sourceTree = "<group>"; };
/* End PBXFileReference section */

/* Begin PBXFrameworksBuildPhase section */
		2BBD85681F65D19C005B315D /* Frameworks */ = {
			isa = PBXFrameworksBuildPhase;
			buildActionMask = 2147483647;
			files = (
			);
			runOnlyForDeploymentPostprocessing = 0;
		};
		2BBD857C1F65D19C005B315D /* Frameworks */ = {
			isa = PBXFrameworksBuildPhase;
			buildActionMask = 2147483647;
			files = (
			);
			runOnlyForDeploymentPostprocessing = 0;
		};
/* End PBXFrameworksBuildPhase section */

/* Begin PBXGroup section */
		2B25BE5F1F68E5D000C2E4F6 /* model */ = {
			isa = PBXGroup;
			children = (
				2B25BE4F1F68D21400C2E4F6 /* APIService.swift */,
				2B25BE511F68D36C00C2E4F6 /* Talk.swift */,
			);
			name = model;
			sourceTree = "<group>";
		};
		2B25BE601F68E5E400C2E4F6 /* extensions */ = {
			isa = PBXGroup;
			children = (
				2B25BE5B1F68E31000C2E4F6 /* UIColorExtensions.swift */,
			);
			name = extensions;
			sourceTree = "<group>";
		};
		2B25BE611F68E60500C2E4F6 /* protocols */ = {
			isa = PBXGroup;
			children = (
				2B25BE5D1F68E58D00C2E4F6 /* Protocols.swift */,
			);
			name = protocols;
			sourceTree = "<group>";
		};
		2B25BE621F68E61700C2E4F6 /* ViewController */ = {
			isa = PBXGroup;
			children = (
				2BBD85721F65D19C005B315D /* Main.storyboard */,
				2BBD85701F65D19C005B315D /* LoginViewController.swift */,
				2B25BE531F68D78900C2E4F6 /* TalksViewController.swift */,
			);
			name = ViewController;
			sourceTree = "<group>";
		};
		2B25BE631F68E63F00C2E4F6 /* resources */ = {
			isa = PBXGroup;
			children = (
				2BBD857A1F65D19C005B315D /* Info.plist */,
				2BBD85751F65D19C005B315D /* Assets.xcassets */,
				2BBD85771F65D19C005B315D /* LaunchScreen.storyboard */,
			);
			name = resources;
			sourceTree = "<group>";
		};
		2B25BE641F68E66B00C2E4F6 /* views */ = {
			isa = PBXGroup;
			children = (
				2B25BE551F68DC3A00C2E4F6 /* TalkCell.swift */,
				2B25BE561F68DC3A00C2E4F6 /* TalkCell.xib */,
			);
			name = views;
			sourceTree = "<group>";
		};
		2BBD85621F65D19C005B315D = {
			isa = PBXGroup;
			children = (
				2BBD856D1F65D19C005B315D /* pop */,
				2BBD85821F65D19C005B315D /* popTests */,
				2BBD856C1F65D19C005B315D /* Products */,
			);
			sourceTree = "<group>";
		};
		2BBD856C1F65D19C005B315D /* Products */ = {
			isa = PBXGroup;
			children = (
				2BBD856B1F65D19C005B315D /* pop.app */,
				2BBD857F1F65D19C005B315D /* popTests.xctest */,
			);
			name = Products;
			sourceTree = "<group>";
		};
		2BBD856D1F65D19C005B315D /* pop */ = {
			isa = PBXGroup;
			children = (
				2BBD856E1F65D19C005B315D /* AppDelegate.swift */,
				2B25BE621F68E61700C2E4F6 /* ViewController */,
				2B25BE641F68E66B00C2E4F6 /* views */,
				2B25BE611F68E60500C2E4F6 /* protocols */,
				2B25BE601F68E5E400C2E4F6 /* extensions */,
				2B25BE5F1F68E5D000C2E4F6 /* model */,
				2B25BE631F68E63F00C2E4F6 /* resources */,
			);
			path = pop;
			sourceTree = "<group>";
		};
		2BBD85821F65D19C005B315D /* popTests */ = {
			isa = PBXGroup;
			children = (
				2BBD85831F65D19C005B315D /* popTests.swift */,
				2BBD85851F65D19C005B315D /* Info.plist */,
			);
			path = popTests;
			sourceTree = "<group>";
		};
/* End PBXGroup section */

/* Begin PBXNativeTarget section */
		2BBD856A1F65D19C005B315D /* pop */ = {
			isa = PBXNativeTarget;
			buildConfigurationList = 2BBD85881F65D19C005B315D /* Build configuration list for PBXNativeTarget "pop" */;
			buildPhases = (
				2BBD85671F65D19C005B315D /* Sources */,
				2BBD85681F65D19C005B315D /* Frameworks */,
				2BBD85691F65D19C005B315D /* Resources */,
			);
			buildRules = (
			);
			dependencies = (
			);
			name = pop;
			productName = pop;
			productReference = 2BBD856B1F65D19C005B315D /* pop.app */;
			productType = "com.apple.product-type.application";
		};
		2BBD857E1F65D19C005B315D /* popTests */ = {
			isa = PBXNativeTarget;
			buildConfigurationList = 2BBD858B1F65D19C005B315D /* Build configuration list for PBXNativeTarget "popTests" */;
			buildPhases = (
				2BBD857B1F65D19C005B315D /* Sources */,
				2BBD857C1F65D19C005B315D /* Frameworks */,
				2BBD857D1F65D19C005B315D /* Resources */,
			);
			buildRules = (
			);
			dependencies = (
				2BBD85811F65D19C005B315D /* PBXTargetDependency */,
			);
			name = popTests;
			productName = popTests;
			productReference = 2BBD857F1F65D19C005B315D /* popTests.xctest */;
			productType = "com.apple.product-type.bundle.unit-test";
		};
/* End PBXNativeTarget section */

/* Begin PBXProject section */
		2BBD85631F65D19C005B315D /* Project object */ = {
			isa = PBXProject;
			attributes = {
				LastSwiftUpdateCheck = 0830;
				LastUpgradeCheck = 0830;
				ORGANIZATIONNAME = "Thales Frigo";
				TargetAttributes = {
					2BBD856A1F65D19C005B315D = {
						CreatedOnToolsVersion = 8.3.3;
						DevelopmentTeam = 443UTBWTXG;
						ProvisioningStyle = Automatic;
					};
					2BBD857E1F65D19C005B315D = {
						CreatedOnToolsVersion = 8.3.3;
						DevelopmentTeam = 443UTBWTXG;
						ProvisioningStyle = Automatic;
						TestTargetID = 2BBD856A1F65D19C005B315D;
					};
				};
			};
			buildConfigurationList = 2BBD85661F65D19C005B315D /* Build configuration list for PBXProject "pop" */;
			compatibilityVersion = "Xcode 3.2";
			developmentRegion = English;
			hasScannedForEncodings = 0;
			knownRegions = (
				en,
				Base,
			);
			mainGroup = 2BBD85621F65D19C005B315D;
			productRefGroup = 2BBD856C1F65D19C005B315D /* Products */;
			projectDirPath = "";
			projectRoot = "";
			targets = (
				2BBD856A1F65D19C005B315D /* pop */,
				2BBD857E1F65D19C005B315D /* popTests */,
			);
		};
/* End PBXProject section */

/* Begin PBXResourcesBuildPhase section */
		2BBD85691F65D19C005B315D /* Resources */ = {
			isa = PBXResourcesBuildPhase;
			buildActionMask = 2147483647;
			files = (
				2BBD85791F65D19C005B315D /* LaunchScreen.storyboard in Resources */,
				2B25BE581F68DC3A00C2E4F6 /* TalkCell.xib in Resources */,
				2BBD85761F65D19C005B315D /* Assets.xcassets in Resources */,
				2BBD85741F65D19C005B315D /* Main.storyboard in Resources */,
			);
			runOnlyForDeploymentPostprocessing = 0;
		};
		2BBD857D1F65D19C005B315D /* Resources */ = {
			isa = PBXResourcesBuildPhase;
			buildActionMask = 2147483647;
			files = (
			);
			runOnlyForDeploymentPostprocessing = 0;
		};
/* End PBXResourcesBuildPhase section */

/* Begin PBXSourcesBuildPhase section */
		2BBD85671F65D19C005B315D /* Sources */ = {
			isa = PBXSourcesBuildPhase;
			buildActionMask = 2147483647;
			files = (
				2BBD85711F65D19C005B315D /* LoginViewController.swift in Sources */,
				2B25BE5C1F68E31000C2E4F6 /* UIColorExtensions.swift in Sources */,
				2B25BE541F68D78900C2E4F6 /* TalksViewController.swift in Sources */,
				2B25BE521F68D36C00C2E4F6 /* Talk.swift in Sources */,
				2B25BE571F68DC3A00C2E4F6 /* TalkCell.swift in Sources */,
				2B25BE501F68D21400C2E4F6 /* APIService.swift in Sources */,
				2BBD856F1F65D19C005B315D /* AppDelegate.swift in Sources */,
				2B25BE5E1F68E58D00C2E4F6 /* Protocols.swift in Sources */,
			);
			runOnlyForDeploymentPostprocessing = 0;
		};
		2BBD857B1F65D19C005B315D /* Sources */ = {
			isa = PBXSourcesBuildPhase;
			buildActionMask = 2147483647;
			files = (
				2BBD85841F65D19C005B315D /* popTests.swift in Sources */,
			);
			runOnlyForDeploymentPostprocessing = 0;
		};
/* End PBXSourcesBuildPhase section */

/* Begin PBXTargetDependency section */
		2BBD85811F65D19C005B315D /* PBXTargetDependency */ = {
			isa = PBXTargetDependency;
			target = 2BBD856A1F65D19C005B315D /* pop */;
			targetProxy = 2BBD85801F65D19C005B315D /* PBXContainerItemProxy */;
		};
/* End PBXTargetDependency section */

/* Begin PBXVariantGroup section */
		2BBD85721F65D19C005B315D /* Main.storyboard */ = {
			isa = PBXVariantGroup;
			children = (
				2BBD85731F65D19C005B315D /* Base */,
			);
			name = Main.storyboard;
			sourceTree = "<group>";
		};
		2BBD85771F65D19C005B315D /* LaunchScreen.storyboard */ = {
			isa = PBXVariantGroup;
			children = (
				2BBD85781F65D19C005B315D /* Base */,
			);
			name = LaunchScreen.storyboard;
			sourceTree = "<group>";
		};
/* End PBXVariantGroup section */

/* Begin XCBuildConfiguration section */
		2BBD85861F65D19C005B315D /* Debug */ = {
			isa = XCBuildConfiguration;
			buildSettings = {
				ALWAYS_SEARCH_USER_PATHS = NO;
				CLANG_ANALYZER_NONNULL = YES;
				CLANG_ANALYZER_NUMBER_OBJECT_CONVERSION = YES_AGGRESSIVE;
				CLANG_CXX_LANGUAGE_STANDARD = "gnu++0x";
				CLANG_CXX_LIBRARY = "libc++";
				CLANG_ENABLE_MODULES = YES;
				CLANG_ENABLE_OBJC_ARC = YES;
				CLANG_WARN_BOOL_CONVERSION = YES;
				CLANG_WARN_CONSTANT_CONVERSION = YES;
				CLANG_WARN_DIRECT_OBJC_ISA_USAGE = YES_ERROR;
				CLANG_WARN_DOCUMENTATION_COMMENTS = YES;
				CLANG_WARN_EMPTY_BODY = YES;
				CLANG_WARN_ENUM_CONVERSION = YES;
				CLANG_WARN_INFINITE_RECURSION = YES;
				CLANG_WARN_INT_CONVERSION = YES;
				CLANG_WARN_OBJC_ROOT_CLASS = YES_ERROR;
				CLANG_WARN_SUSPICIOUS_MOVE = YES;
				CLANG_WARN_UNREACHABLE_CODE = YES;
				CLANG_WARN__DUPLICATE_METHOD_MATCH = YES;
				"CODE_SIGN_IDENTITY[sdk=iphoneos*]" = "iPhone Developer";
				COPY_PHASE_STRIP = NO;
				DEBUG_INFORMATION_FORMAT = dwarf;
				ENABLE_STRICT_OBJC_MSGSEND = YES;
				ENABLE_TESTABILITY = YES;
				GCC_C_LANGUAGE_STANDARD = gnu99;
				GCC_DYNAMIC_NO_PIC = NO;
				GCC_NO_COMMON_BLOCKS = YES;
				GCC_OPTIMIZATION_LEVEL = 0;
				GCC_PREPROCESSOR_DEFINITIONS = (
					"DEBUG=1",
					"$(inherited)",
				);
				GCC_WARN_64_TO_32_BIT_CONVERSION = YES;
				GCC_WARN_ABOUT_RETURN_TYPE = YES_ERROR;
				GCC_WARN_UNDECLARED_SELECTOR = YES;
				GCC_WARN_UNINITIALIZED_AUTOS = YES_AGGRESSIVE;
				GCC_WARN_UNUSED_FUNCTION = YES;
				GCC_WARN_UNUSED_VARIABLE = YES;
				IPHONEOS_DEPLOYMENT_TARGET = 10.3;
				MTL_ENABLE_DEBUG_INFO = YES;
				ONLY_ACTIVE_ARCH = YES;
				SDKROOT = iphoneos;
				SWIFT_ACTIVE_COMPILATION_CONDITIONS = DEBUG;
				SWIFT_OPTIMIZATION_LEVEL = "-Onone";
				TARGETED_DEVICE_FAMILY = "1,2";
			};
			name = Debug;
		};
		2BBD85871F65D19C005B315D /* Release */ = {
			isa = XCBuildConfiguration;
			buildSettings = {
				ALWAYS_SEARCH_USER_PATHS = NO;
				CLANG_ANALYZER_NONNULL = YES;
				CLANG_ANALYZER_NUMBER_OBJECT_CONVERSION = YES_AGGRESSIVE;
				CLANG_CXX_LANGUAGE_STANDARD = "gnu++0x";
				CLANG_CXX_LIBRARY = "libc++";
				CLANG_ENABLE_MODULES = YES;
				CLANG_ENABLE_OBJC_ARC = YES;
				CLANG_WARN_BOOL_CONVERSION = YES;
				CLANG_WARN_CONSTANT_CONVERSION = YES;
				CLANG_WARN_DIRECT_OBJC_ISA_USAGE = YES_ERROR;
				CLANG_WARN_DOCUMENTATION_COMMENTS = YES;
				CLANG_WARN_EMPTY_BODY = YES;
				CLANG_WARN_ENUM_CONVERSION = YES;
				CLANG_WARN_INFINITE_RECURSION = YES;
				CLANG_WARN_INT_CONVERSION = YES;
				CLANG_WARN_OBJC_ROOT_CLASS = YES_ERROR;
				CLANG_WARN_SUSPICIOUS_MOVE = YES;
				CLANG_WARN_UNREACHABLE_CODE = YES;
				CLANG_WARN__DUPLICATE_METHOD_MATCH = YES;
				"CODE_SIGN_IDENTITY[sdk=iphoneos*]" = "iPhone Developer";
				COPY_PHASE_STRIP = NO;
				DEBUG_INFORMATION_FORMAT = "dwarf-with-dsym";
				ENABLE_NS_ASSERTIONS = NO;
				ENABLE_STRICT_OBJC_MSGSEND = YES;
				GCC_C_LANGUAGE_STANDARD = gnu99;
				GCC_NO_COMMON_BLOCKS = YES;
				GCC_WARN_64_TO_32_BIT_CONVERSION = YES;
				GCC_WARN_ABOUT_RETURN_TYPE = YES_ERROR;
				GCC_WARN_UNDECLARED_SELECTOR = YES;
				GCC_WARN_UNINITIALIZED_AUTOS = YES_AGGRESSIVE;
				GCC_WARN_UNUSED_FUNCTION = YES;
				GCC_WARN_UNUSED_VARIABLE = YES;
				IPHONEOS_DEPLOYMENT_TARGET = 10.3;
				MTL_ENABLE_DEBUG_INFO = NO;
				SDKROOT = iphoneos;
				SWIFT_OPTIMIZATION_LEVEL = "-Owholemodule";
				TARGETED_DEVICE_FAMILY = "1,2";
				VALIDATE_PRODUCT = YES;
			};
			name = Release;
		};
		2BBD85891F65D19C005B315D /* Debug */ = {
			isa = XCBuildConfiguration;
			buildSettings = {
				ASSETCATALOG_COMPILER_APPICON_NAME = AppIcon;
				DEVELOPMENT_TEAM = 443UTBWTXG;
				INFOPLIST_FILE = pop/Info.plist;
				LD_RUNPATH_SEARCH_PATHS = "$(inherited) @executable_path/Frameworks";
				PRODUCT_BUNDLE_IDENTIFIER = br.com.thalesfrigo.pop;
				PRODUCT_NAME = "$(TARGET_NAME)";
				SWIFT_VERSION = 3.0;
			};
			name = Debug;
		};
		2BBD858A1F65D19C005B315D /* Release */ = {
			isa = XCBuildConfiguration;
			buildSettings = {
				ASSETCATALOG_COMPILER_APPICON_NAME = AppIcon;
				DEVELOPMENT_TEAM = 443UTBWTXG;
				INFOPLIST_FILE = pop/Info.plist;
				LD_RUNPATH_SEARCH_PATHS = "$(inherited) @executable_path/Frameworks";
				PRODUCT_BUNDLE_IDENTIFIER = br.com.thalesfrigo.pop;
				PRODUCT_NAME = "$(TARGET_NAME)";
				SWIFT_VERSION = 3.0;
			};
			name = Release;
		};
		2BBD858C1F65D19C005B315D /* Debug */ = {
			isa = XCBuildConfiguration;
			buildSettings = {
				ALWAYS_EMBED_SWIFT_STANDARD_LIBRARIES = YES;
				BUNDLE_LOADER = "$(TEST_HOST)";
				DEVELOPMENT_TEAM = 443UTBWTXG;
				INFOPLIST_FILE = popTests/Info.plist;
				LD_RUNPATH_SEARCH_PATHS = "$(inherited) @executable_path/Frameworks @loader_path/Frameworks";
				PRODUCT_BUNDLE_IDENTIFIER = br.com.thalesfrigo.popTests;
				PRODUCT_NAME = "$(TARGET_NAME)";
				SWIFT_VERSION = 3.0;
				TEST_HOST = "$(BUILT_PRODUCTS_DIR)/pop.app/pop";
			};
			name = Debug;
		};
		2BBD858D1F65D19C005B315D /* Release */ = {
			isa = XCBuildConfiguration;
			buildSettings = {
				ALWAYS_EMBED_SWIFT_STANDARD_LIBRARIES = YES;
				BUNDLE_LOADER = "$(TEST_HOST)";
				DEVELOPMENT_TEAM = 443UTBWTXG;
				INFOPLIST_FILE = popTests/Info.plist;
				LD_RUNPATH_SEARCH_PATHS = "$(inherited) @executable_path/Frameworks @loader_path/Frameworks";
				PRODUCT_BUNDLE_IDENTIFIER = br.com.thalesfrigo.popTests;
				PRODUCT_NAME = "$(TARGET_NAME)";
				SWIFT_VERSION = 3.0;
				TEST_HOST = "$(BUILT_PRODUCTS_DIR)/pop.app/pop";
			};
			name = Release;
		};
/* End XCBuildConfiguration section */

/* Begin XCConfigurationList section */
		2BBD85661F65D19C005B315D /* Build configuration list for PBXProject "pop" */ = {
			isa = XCConfigurationList;
			buildConfigurations = (
				2BBD85861F65D19C005B315D /* Debug */,
				2BBD85871F65D19C005B315D /* Release */,
			);
			defaultConfigurationIsVisible = 0;
			defaultConfigurationName = Release;
		};
		2BBD85881F65D19C005B315D /* Build configuration list for PBXNativeTarget "pop" */ = {
			isa = XCConfigurationList;
			buildConfigurations = (
				2BBD85891F65D19C005B315D /* Debug */,
				2BBD858A1F65D19C005B315D /* Release */,
			);
			defaultConfigurationIsVisible = 0;
			defaultConfigurationName = Release;
		};
		2BBD858B1F65D19C005B315D /* Build configuration list for PBXNativeTarget "popTests" */ = {
			isa = XCConfigurationList;
			buildConfigurations = (
				2BBD858C1F65D19C005B315D /* Debug */,
				2BBD858D1F65D19C005B315D /* Release */,
			);
			defaultConfigurationIsVisible = 0;
			defaultConfigurationName = Release;
		};
/* End XCConfigurationList section */
	};
	rootObject = 2BBD85631F65D19C005B315D /* Project object */;
}
